version = 1
requires-python = ">=3.11"
resolution-markers = [
    "python_full_version < '3.13'",
    "python_full_version >= '3.13'",
]

[[package]]
name = "click"
version = "8.1.7"
source = { registry = "https://pypi.org/simple" }
dependencies = [
    { name = "colorama", marker = "platform_system == 'Windows'" },
]
sdist = { url = "https://files.pythonhosted.org/packages/96/d3/f04c7bfcf5c1862a2a5b845c6b2b360488cf47af55dfa79c98f6a6bf98b5/click-8.1.7.tar.gz", hash = "sha256:ca9853ad459e787e2192211578cc907e7594e294c7ccc834310722b41b9ca6de", size = 336121 }
wheels = [
    { url = "https://files.pythonhosted.org/packages/00/2e/d53fa4befbf2cfa713304affc7ca780ce4fc1fd8710527771b58311a3229/click-8.1.7-py3-none-any.whl", hash = "sha256:ae74fb96c20a0277a1d615f1e4d73c8414f5a98db8b799a7931d1582f3390c28", size = 97941 },
]

[[package]]
name = "colorama"
version = "0.4.6"
source = { registry = "https://pypi.org/simple" }
sdist = { url = "https://files.pythonhosted.org/packages/d8/53/6f443c9a4a8358a93a6792e2acffb9d9d5cb0a5cfd8802644b7b1c9a02e4/colorama-0.4.6.tar.gz", hash = "sha256:08695f5cb7ed6e0531a20572697297273c47b8cae5a63ffc6d6ed5c201be6e44", size = 27697 }
wheels = [
    { url = "https://files.pythonhosted.org/packages/d1/d6/3965ed04c63042e047cb6a3e6ed1a63a35087b6a609aa3a15ed8ac56c221/colorama-0.4.6-py2.py3-none-any.whl", hash = "sha256:4f1d9991f5acc0ca119f9d443620b77f9d6b33703e51011c16baf57afb285fc6", size = 25335 },
]

[[package]]
name = "h11"
version = "0.14.0"
source = { registry = "https://pypi.org/simple" }
sdist = { url = "https://files.pythonhosted.org/packages/f5/38/3af3d3633a34a3316095b39c8e8fb4853a28a536e55d347bd8d8e9a14b03/h11-0.14.0.tar.gz", hash = "sha256:8f19fbbe99e72420ff35c00b27a34cb9937e902a8b810e2c88300c6f0a3b699d", size = 100418 }
wheels = [
    { url = "https://files.pythonhosted.org/packages/95/04/ff642e65ad6b90db43e668d70ffb6736436c7ce41fcc549f4e9472234127/h11-0.14.0-py3-none-any.whl", hash = "sha256:e3fe4ac4b851c468cc8363d500db52c2ead036020723024a109d37346efaa761", size = 58259 },
]

[[package]]
name = "hello-python3-11"
version = "0.1.0"
source = { virtual = "." }
dependencies = [
    { name = "httptools" },
    { name = "uvicorn" },
    { name = "uvloop" },
]

[package.metadata]
requires-dist = [
    { name = "httptools", specifier = ">=0.6.4" },
    { name = "uvicorn", specifier = ">=0.30.1" },
    { name = "uvloop", specifier = ">=0.21.0" },
]

[[package]]
name = "httptools"
version = "0.6.4"
source = { registry = "https://pypi.org/simple" }
sdist = { url = "https://files.pythonhosted.org/packages/a7/9a/ce5e1f7e131522e6d3426e8e7a490b3a01f39a6696602e1c4f33f9e94277/httptools-0.6.4.tar.gz", hash = "sha256:4e93eee4add6493b59a5c514da98c939b244fce4a0d8879cd3f466562f4b7d5c", size = 240639 }
wheels = [
    { url = "https://files.pythonhosted.org/packages/7b/26/bb526d4d14c2774fe07113ca1db7255737ffbb119315839af2065abfdac3/httptools-0.6.4-cp311-cp311-macosx_10_9_universal2.whl", hash = "sha256:f47f8ed67cc0ff862b84a1189831d1d33c963fb3ce1ee0c65d3b0cbe7b711069", size = 199029 },
    { url = "https://files.pythonhosted.org/packages/a6/17/3e0d3e9b901c732987a45f4f94d4e2c62b89a041d93db89eafb262afd8d5/httptools-0.6.4-cp311-cp311-macosx_11_0_arm64.whl", hash = "sha256:0614154d5454c21b6410fdf5262b4a3ddb0f53f1e1721cfd59d55f32138c578a", size = 103492 },
    { url = "https://files.pythonhosted.org/packages/b7/24/0fe235d7b69c42423c7698d086d4db96475f9b50b6ad26a718ef27a0bce6/httptools-0.6.4-cp311-cp311-manylinux_2_17_aarch64.manylinux2014_aarch64.whl", hash = "sha256:f8787367fbdfccae38e35abf7641dafc5310310a5987b689f4c32cc8cc3ee975", size = 462891 },
    { url = "https://files.pythonhosted.org/packages/b1/2f/205d1f2a190b72da6ffb5f41a3736c26d6fa7871101212b15e9b5cd8f61d/httptools-0.6.4-cp311-cp311-manylinux_2_5_x86_64.manylinux1_x86_64.manylinux_2_17_x86_64.manylinux2014_x86_64.whl", hash = "sha256:40b0f7fe4fd38e6a507bdb751db0379df1e99120c65fbdc8ee6c1d044897a636", size = 459788 },
    { url = "https://files.pythonhosted.org/packages/6e/4c/d09ce0eff09057a206a74575ae8f1e1e2f0364d20e2442224f9e6612c8b9/httptools-0.6.4-cp311-cp311-musllinux_1_2_aarch64.whl", hash = "sha256:40a5ec98d3f49904b9fe36827dcf1aadfef3b89e2bd05b0e35e94f97c2b14721", size = 433214 },
    { url = "https://files.pythonhosted.org/packages/3e/d2/84c9e23edbccc4a4c6f96a1b8d99dfd2350289e94f00e9ccc7aadde26fb5/httptools-0.6.4-cp311-cp311-musllinux_1_2_x86_64.whl", hash = "sha256:dacdd3d10ea1b4ca9df97a0a303cbacafc04b5cd375fa98732678151643d4988", size = 434120 },
    { url = "https://files.pythonhosted.org/packages/d0/46/4d8e7ba9581416de1c425b8264e2cadd201eb709ec1584c381f3e98f51c1/httptools-0.6.4-cp311-cp311-win_amd64.whl", hash = "sha256:288cd628406cc53f9a541cfaf06041b4c71d751856bab45e3702191f931ccd17", size = 88565 },
    { url = "https://files.pythonhosted.org/packages/bb/0e/d0b71465c66b9185f90a091ab36389a7352985fe857e352801c39d6127c8/httptools-0.6.4-cp312-cp312-macosx_10_13_universal2.whl", hash = "sha256:df017d6c780287d5c80601dafa31f17bddb170232d85c066604d8558683711a2", size = 200683 },
    { url = "https://files.pythonhosted.org/packages/e2/b8/412a9bb28d0a8988de3296e01efa0bd62068b33856cdda47fe1b5e890954/httptools-0.6.4-cp312-cp312-macosx_11_0_arm64.whl", hash = "sha256:85071a1e8c2d051b507161f6c3e26155b5c790e4e28d7f236422dbacc2a9cc44", size = 104337 },
    { url = "https://files.pythonhosted.org/packages/9b/01/6fb20be3196ffdc8eeec4e653bc2a275eca7f36634c86302242c4fbb2760/httptools-0.6.4-cp312-cp312-manylinux_2_17_aarch64.manylinux2014_aarch64.whl", hash = "sha256:69422b7f458c5af875922cdb5bd586cc1f1033295aa9ff63ee196a87519ac8e1", size = 508796 },
    { url = "https://files.pythonhosted.org/packages/f7/d8/b644c44acc1368938317d76ac991c9bba1166311880bcc0ac297cb9d6bd7/httptools-0.6.4-cp312-cp312-manylinux_2_5_x86_64.manylinux1_x86_64.manylinux_2_17_x86_64.manylinux2014_x86_64.whl", hash = "sha256:16e603a3bff50db08cd578d54f07032ca1631450ceb972c2f834c2b860c28ea2", size = 510837 },
    { url = "https://files.pythonhosted.org/packages/52/d8/254d16a31d543073a0e57f1c329ca7378d8924e7e292eda72d0064987486/httptools-0.6.4-cp312-cp312-musllinux_1_2_aarch64.whl", hash = "sha256:ec4f178901fa1834d4a060320d2f3abc5c9e39766953d038f1458cb885f47e81", size = 485289 },
    { url = "https://files.pythonhosted.org/packages/5f/3c/4aee161b4b7a971660b8be71a92c24d6c64372c1ab3ae7f366b3680df20f/httptools-0.6.4-cp312-cp312-musllinux_1_2_x86_64.whl", hash = "sha256:f9eb89ecf8b290f2e293325c646a211ff1c2493222798bb80a530c5e7502494f", size = 489779 },
    { url = "https://files.pythonhosted.org/packages/12/b7/5cae71a8868e555f3f67a50ee7f673ce36eac970f029c0c5e9d584352961/httptools-0.6.4-cp312-cp312-win_amd64.whl", hash = "sha256:db78cb9ca56b59b016e64b6031eda5653be0589dba2b1b43453f6e8b405a0970", size = 88634 },
    { url = "https://files.pythonhosted.org/packages/94/a3/9fe9ad23fd35f7de6b91eeb60848986058bd8b5a5c1e256f5860a160cc3e/httptools-0.6.4-cp313-cp313-macosx_10_13_universal2.whl", hash = "sha256:ade273d7e767d5fae13fa637f4d53b6e961fb7fd93c7797562663f0171c26660", size = 197214 },
    { url = "https://files.pythonhosted.org/packages/ea/d9/82d5e68bab783b632023f2fa31db20bebb4e89dfc4d2293945fd68484ee4/httptools-0.6.4-cp313-cp313-macosx_11_0_arm64.whl", hash = "sha256:856f4bc0478ae143bad54a4242fccb1f3f86a6e1be5548fecfd4102061b3a083", size = 102431 },
    { url = "https://files.pythonhosted.org/packages/96/c1/cb499655cbdbfb57b577734fde02f6fa0bbc3fe9fb4d87b742b512908dff/httptools-0.6.4-cp313-cp313-manylinux_2_17_aarch64.manylinux2014_aarch64.whl", hash = "sha256:322d20ea9cdd1fa98bd6a74b77e2ec5b818abdc3d36695ab402a0de8ef2865a3", size = 473121 },
    { url = "https://files.pythonhosted.org/packages/af/71/ee32fd358f8a3bb199b03261f10921716990808a675d8160b5383487a317/httptools-0.6.4-cp313-cp313-manylinux_2_5_x86_64.manylinux1_x86_64.manylinux_2_17_x86_64.manylinux2014_x86_64.whl", hash = "sha256:4d87b29bd4486c0093fc64dea80231f7c7f7eb4dc70ae394d70a495ab8436071", size = 473805 },
    { url = "https://files.pythonhosted.org/packages/8a/0a/0d4df132bfca1507114198b766f1737d57580c9ad1cf93c1ff673e3387be/httptools-0.6.4-cp313-cp313-musllinux_1_2_aarch64.whl", hash = "sha256:342dd6946aa6bda4b8f18c734576106b8a31f2fe31492881a9a160ec84ff4bd5", size = 448858 },
    { url = "https://files.pythonhosted.org/packages/1e/6a/787004fdef2cabea27bad1073bf6a33f2437b4dbd3b6fb4a9d71172b1c7c/httptools-0.6.4-cp313-cp313-musllinux_1_2_x86_64.whl", hash = "sha256:4b36913ba52008249223042dca46e69967985fb4051951f94357ea681e1f5dc0", size = 452042 },
    { url = "https://files.pythonhosted.org/packages/4d/dc/7decab5c404d1d2cdc1bb330b1bf70e83d6af0396fd4fc76fc60c0d522bf/httptools-0.6.4-cp313-cp313-win_amd64.whl", hash = "sha256:28908df1b9bb8187393d5b5db91435ccc9c8e891657f9cbb42a2541b44c82fc8", size = 87682 },
]

[[package]]
name = "uvicorn"
version = "0.30.1"
source = { registry = "https://pypi.org/simple" }
dependencies = [
    { name = "click" },
    { name = "h11" },
]
sdist = { url = "https://files.pythonhosted.org/packages/37/16/9f5ccaa1a76e5bfbaa0c67640e2db8a5214ca08d92a1b427fa1677b3da88/uvicorn-0.30.1.tar.gz", hash = "sha256:d46cd8e0fd80240baffbcd9ec1012a712938754afcf81bce56c024c1656aece8", size = 42572 }
wheels = [
    { url = "https://files.pythonhosted.org/packages/b2/f9/e6f30ba6094733e4f9794fd098ca0543a19b07ac1fa3075d595bf0f1fb60/uvicorn-0.30.1-py3-none-any.whl", hash = "sha256:cd17daa7f3b9d7a24de3617820e634d0933b69eed8e33a516071174427238c81", size = 62393 },
]

[[package]]
name = "uvloop"
version = "0.21.0"
source = { registry = "https://pypi.org/simple" }
sdist = { url = "https://files.pythonhosted.org/packages/af/c0/854216d09d33c543f12a44b393c402e89a920b1a0a7dc634c42de91b9cf6/uvloop-0.21.0.tar.gz", hash = "sha256:3bf12b0fda68447806a7ad847bfa591613177275d35b6724b1ee573faa3704e3", size = 2492741 }
wheels = [
    { url = "https://files.pythonhosted.org/packages/57/a7/4cf0334105c1160dd6819f3297f8700fda7fc30ab4f61fbf3e725acbc7cc/uvloop-0.21.0-cp311-cp311-macosx_10_9_universal2.whl", hash = "sha256:c0f3fa6200b3108919f8bdabb9a7f87f20e7097ea3c543754cabc7d717d95cf8", size = 1447410 },
    { url = "https://files.pythonhosted.org/packages/8c/7c/1517b0bbc2dbe784b563d6ab54f2ef88c890fdad77232c98ed490aa07132/uvloop-0.21.0-cp311-cp311-macosx_10_9_x86_64.whl", hash = "sha256:0878c2640cf341b269b7e128b1a5fed890adc4455513ca710d77d5e93aa6d6a0", size = 805476 },
    { url = "https://files.pythonhosted.org/packages/ee/ea/0bfae1aceb82a503f358d8d2fa126ca9dbdb2ba9c7866974faec1cb5875c/uvloop-0.21.0-cp311-cp311-manylinux_2_17_aarch64.manylinux2014_aarch64.whl", hash = "sha256:b9fb766bb57b7388745d8bcc53a359b116b8a04c83a2288069809d2b3466c37e", size = 3960855 },
    { url = "https://files.pythonhosted.org/packages/8a/ca/0864176a649838b838f36d44bf31c451597ab363b60dc9e09c9630619d41/uvloop-0.21.0-cp311-cp311-manylinux_2_17_x86_64.manylinux2014_x86_64.whl", hash = "sha256:8a375441696e2eda1c43c44ccb66e04d61ceeffcd76e4929e527b7fa401b90fb", size = 3973185 },
    { url = "https://files.pythonhosted.org/packages/30/bf/08ad29979a936d63787ba47a540de2132169f140d54aa25bc8c3df3e67f4/uvloop-0.21.0-cp311-cp311-musllinux_1_2_aarch64.whl", hash = "sha256:baa0e6291d91649c6ba4ed4b2f982f9fa165b5bbd50a9e203c416a2797bab3c6", size = 3820256 },
    { url = "https://files.pythonhosted.org/packages/da/e2/5cf6ef37e3daf2f06e651aae5ea108ad30df3cb269102678b61ebf1fdf42/uvloop-0.21.0-cp311-cp311-musllinux_1_2_x86_64.whl", hash = "sha256:4509360fcc4c3bd2c70d87573ad472de40c13387f5fda8cb58350a1d7475e58d", size = 3937323 },
    { url = "https://files.pythonhosted.org/packages/8c/4c/03f93178830dc7ce8b4cdee1d36770d2f5ebb6f3d37d354e061eefc73545/uvloop-0.21.0-cp312-cp312-macosx_10_13_universal2.whl", hash = "sha256:359ec2c888397b9e592a889c4d72ba3d6befba8b2bb01743f72fffbde663b59c", size = 1471284 },
    { url = "https://files.pythonhosted.org/packages/43/3e/92c03f4d05e50f09251bd8b2b2b584a2a7f8fe600008bcc4523337abe676/uvloop-0.21.0-cp312-cp312-macosx_10_13_x86_64.whl", hash = "sha256:f7089d2dc73179ce5ac255bdf37c236a9f914b264825fdaacaded6990a7fb4c2", size = 821349 },
    { url = "https://files.pythonhosted.org/packages/a6/ef/a02ec5da49909dbbfb1fd205a9a1ac4e88ea92dcae885e7c961847cd51e2/uvloop-0.21.0-cp312-cp312-manylinux_2_17_aarch64.manylinux2014_aarch64.whl", hash = "sha256:baa4dcdbd9ae0a372f2167a207cd98c9f9a1ea1188a8a526431eef2f8116cc8d", size = 4580089 },
    { url = "https://files.pythonhosted.org/packages/06/a7/b4e6a19925c900be9f98bec0a75e6e8f79bb53bdeb891916609ab3958967/uvloop-0.21.0-cp312-cp312-manylinux_2_17_x86_64.manylinux2014_x86_64.whl", hash = "sha256:86975dca1c773a2c9864f4c52c5a55631038e387b47eaf56210f873887b6c8dc", size = 4693770 },
    { url = "https://files.pythonhosted.org/packages/ce/0c/f07435a18a4b94ce6bd0677d8319cd3de61f3a9eeb1e5f8ab4e8b5edfcb3/uvloop-0.21.0-cp312-cp312-musllinux_1_2_aarch64.whl", hash = "sha256:461d9ae6660fbbafedd07559c6a2e57cd553b34b0065b6550685f6653a98c1cb", size = 4451321 },
    { url = "https://files.pythonhosted.org/packages/8f/eb/f7032be105877bcf924709c97b1bf3b90255b4ec251f9340cef912559f28/uvloop-0.21.0-cp312-cp312-musllinux_1_2_x86_64.whl", hash = "sha256:183aef7c8730e54c9a3ee3227464daed66e37ba13040bb3f350bc2ddc040f22f", size = 4659022 },
    { url = "https://files.pythonhosted.org/packages/3f/8d/2cbef610ca21539f0f36e2b34da49302029e7c9f09acef0b1c3b5839412b/uvloop-0.21.0-cp313-cp313-macosx_10_13_universal2.whl", hash = "sha256:bfd55dfcc2a512316e65f16e503e9e450cab148ef11df4e4e679b5e8253a5281", size = 1468123 },
    { url = "https://files.pythonhosted.org/packages/93/0d/b0038d5a469f94ed8f2b2fce2434a18396d8fbfb5da85a0a9781ebbdec14/uvloop-0.21.0-cp313-cp313-macosx_10_13_x86_64.whl", hash = "sha256:787ae31ad8a2856fc4e7c095341cccc7209bd657d0e71ad0dc2ea83c4a6fa8af", size = 819325 },
    { url = "https://files.pythonhosted.org/packages/50/94/0a687f39e78c4c1e02e3272c6b2ccdb4e0085fda3b8352fecd0410ccf915/uvloop-0.21.0-cp313-cp313-manylinux_2_17_aarch64.manylinux2014_aarch64.whl", hash = "sha256:5ee4d4ef48036ff6e5cfffb09dd192c7a5027153948d85b8da7ff705065bacc6", size = 4582806 },
    { url = "https://files.pythonhosted.org/packages/d2/19/f5b78616566ea68edd42aacaf645adbf71fbd83fc52281fba555dc27e3f1/uvloop-0.21.0-cp313-cp313-manylinux_2_17_x86_64.manylinux2014_x86_64.whl", hash = "sha256:f3df876acd7ec037a3d005b3ab85a7e4110422e4d9c1571d4fc89b0fc41b6816", size = 4701068 },
    { url = "https://files.pythonhosted.org/packages/47/57/66f061ee118f413cd22a656de622925097170b9380b30091b78ea0c6ea75/uvloop-0.21.0-cp313-cp313-musllinux_1_2_aarch64.whl", hash = "sha256:bd53ecc9a0f3d87ab847503c2e1552b690362e005ab54e8a48ba97da3924c0dc", size = 4454428 },
    { url = "https://files.pythonhosted.org/packages/63/9a/0962b05b308494e3202d3f794a6e85abe471fe3cafdbcf95c2e8c713aabd/uvloop-0.21.0-cp313-cp313-musllinux_1_2_x86_64.whl", hash = "sha256:a5c39f217ab3c663dc699c04cbd50c13813e31d917642d459fdcec07555cc553", size = 4660018 },
]
